// !$*UTF8*$!
{
	archiveVersion = 1;
	classes = {
	};
	objectVersion = 47;
	objects = {

/* Begin PBXBuildFile section */
		7380911E1CF11AFC00FA579F /* AppDelegate.swift in Sources */ = {isa = PBXBuildFile; fileRef = 7380911D1CF11AFC00FA579F /* AppDelegate.swift */; };
		738091201CF11AFC00FA579F /* ViewController.swift in Sources */ = {isa = PBXBuildFile; fileRef = 7380911F1CF11AFC00FA579F /* ViewController.swift */; };
		738091231CF11AFC00FA579F /* Main.storyboard in Resources */ = {isa = PBXBuildFile; fileRef = 738091211CF11AFC00FA579F /* Main.storyboard */; };
		738091251CF11AFC00FA579F /* Assets.xcassets in Resources */ = {isa = PBXBuildFile; fileRef = 738091241CF11AFC00FA579F /* Assets.xcassets */; };
		738091281CF11AFC00FA579F /* LaunchScreen.storyboard in Resources */ = {isa = PBXBuildFile; fileRef = 738091261CF11AFC00FA579F /* LaunchScreen.storyboard */; };
		738091331CF11AFC00FA579F /* CalculatorTests.swift in Sources */ = {isa = PBXBuildFile; fileRef = 738091321CF11AFC00FA579F /* CalculatorTests.swift */; };
		7380913E1CF11AFC00FA579F /* CalculatorUITests.swift in Sources */ = {isa = PBXBuildFile; fileRef = 7380913D1CF11AFC00FA579F /* CalculatorUITests.swift */; };
/* End PBXBuildFile section */

/* Begin PBXContainerItemProxy section */
		7380912F1CF11AFC00FA579F /* PBXContainerItemProxy */ = {
			isa = PBXContainerItemProxy;
			containerPortal = 738091121CF11AFB00FA579F /* Project object */;
			proxyType = 1;
			remoteGlobalIDString = 738091191CF11AFC00FA579F;
			remoteInfo = Calculator;
		};
		7380913A1CF11AFC00FA579F /* PBXContainerItemProxy */ = {
			isa = PBXContainerItemProxy;
			containerPortal = 738091121CF11AFB00FA579F /* Project object */;
			proxyType = 1;
			remoteGlobalIDString = 738091191CF11AFC00FA579F;
			remoteInfo = Calculator;
		};
/* End PBXContainerItemProxy section */

/* Begin PBXFileReference section */
		7380911A1CF11AFC00FA579F /* Calculator.app */ = {isa = PBXFileReference; explicitFileType = wrapper.application; includeInIndex = 0; path = Calculator.app; sourceTree = BUILT_PRODUCTS_DIR; };
		7380911D1CF11AFC00FA579F /* AppDelegate.swift */ = {isa = PBXFileReference; lastKnownFileType = sourcecode.swift; path = AppDelegate.swift; sourceTree = "<group>"; };
		7380911F1CF11AFC00FA579F /* ViewController.swift */ = {isa = PBXFileReference; lastKnownFileType = sourcecode.swift; path = ViewController.swift; sourceTree = "<group>"; };
		738091221CF11AFC00FA579F /* Base */ = {isa = PBXFileReference; lastKnownFileType = file.storyboard; name = Base; path = Base.lproj/Main.storyboard; sourceTree = "<group>"; };
		738091241CF11AFC00FA579F /* Assets.xcassets */ = {isa = PBXFileReference; lastKnownFileType = folder.assetcatalog; path = Assets.xcassets; sourceTree = "<group>"; };
		738091271CF11AFC00FA579F /* Base */ = {isa = PBXFileReference; lastKnownFileType = file.storyboard; name = Base; path = Base.lproj/LaunchScreen.storyboard; sourceTree = "<group>"; };
		738091291CF11AFC00FA579F /* Info.plist */ = {isa = PBXFileReference; lastKnownFileType = text.plist.xml; path = Info.plist; sourceTree = "<group>"; };
		7380912E1CF11AFC00FA579F /* CalculatorTests.xctest */ = {isa = PBXFileReference; explicitFileType = wrapper.cfbundle; includeInIndex = 0; path = CalculatorTests.xctest; sourceTree = BUILT_PRODUCTS_DIR; };
		738091321CF11AFC00FA579F /* CalculatorTests.swift */ = {isa = PBXFileReference; lastKnownFileType = sourcecode.swift; path = CalculatorTests.swift; sourceTree = "<group>"; };
		738091341CF11AFC00FA579F /* Info.plist */ = {isa = PBXFileReference; lastKnownFileType = text.plist.xml; path = Info.plist; sourceTree = "<group>"; };
		738091391CF11AFC00FA579F /* CalculatorUITests.xctest */ = {isa = PBXFileReference; explicitFileType = wrapper.cfbundle; includeInIndex = 0; path = CalculatorUITests.xctest; sourceTree = BUILT_PRODUCTS_DIR; };
		7380913D1CF11AFC00FA579F /* CalculatorUITests.swift */ = {isa = PBXFileReference; lastKnownFileType = sourcecode.swift; path = CalculatorUITests.swift; sourceTree = "<group>"; };
		7380913F1CF11AFC00FA579F /* Info.plist */ = {isa = PBXFileReference; lastKnownFileType = text.plist.xml; path = Info.plist; sourceTree = "<group>"; };
/* End PBXFileReference section */

/* Begin PBXFrameworksBuildPhase section */
		738091171CF11AFC00FA579F /* Frameworks */ = {
			isa = PBXFrameworksBuildPhase;
			buildActionMask = 2147483647;
			files = (
			);
			runOnlyForDeploymentPostprocessing = 0;
		};
		7380912B1CF11AFC00FA579F /* Frameworks */ = {
			isa = PBXFrameworksBuildPhase;
			buildActionMask = 2147483647;
			files = (
			);
			runOnlyForDeploymentPostprocessing = 0;
		};
		738091361CF11AFC00FA579F /* Frameworks */ = {
			isa = PBXFrameworksBuildPhase;
			buildActionMask = 2147483647;
			files = (
			);
			runOnlyForDeploymentPostprocessing = 0;
		};
/* End PBXFrameworksBuildPhase section */

/* Begin PBXGroup section */
		738091111CF11AFB00FA579F = {
			isa = PBXGroup;
			children = (
				7380911C1CF11AFC00FA579F /* Calculator */,
				738091311CF11AFC00FA579F /* CalculatorTests */,
				7380913C1CF11AFC00FA579F /* CalculatorUITests */,
				7380911B1CF11AFC00FA579F /* Products */,
			);
			sourceTree = "<group>";
		};
		7380911B1CF11AFC00FA579F /* Products */ = {
			isa = PBXGroup;
			children = (
				7380911A1CF11AFC00FA579F /* Calculator.app */,
				7380912E1CF11AFC00FA579F /* CalculatorTests.xctest */,
				738091391CF11AFC00FA579F /* CalculatorUITests.xctest */,
			);
			name = Products;
			sourceTree = "<group>";
		};
		7380911C1CF11AFC00FA579F /* Calculator */ = {
			isa = PBXGroup;
			children = (
				7380911D1CF11AFC00FA579F /* AppDelegate.swift */,
				7380911F1CF11AFC00FA579F /* ViewController.swift */,
				738091211CF11AFC00FA579F /* Main.storyboard */,
				738091241CF11AFC00FA579F /* Assets.xcassets */,
				738091261CF11AFC00FA579F /* LaunchScreen.storyboard */,
				738091291CF11AFC00FA579F /* Info.plist */,
			);
			path = Calculator;
			sourceTree = "<group>";
		};
		738091311CF11AFC00FA579F /* CalculatorTests */ = {
			isa = PBXGroup;
			children = (
				738091321CF11AFC00FA579F /* CalculatorTests.swift */,
				738091341CF11AFC00FA579F /* Info.plist */,
			);
			path = CalculatorTests;
			sourceTree = "<group>";
		};
		7380913C1CF11AFC00FA579F /* CalculatorUITests */ = {
			isa = PBXGroup;
			children = (
				7380913D1CF11AFC00FA579F /* CalculatorUITests.swift */,
				7380913F1CF11AFC00FA579F /* Info.plist */,
			);
			path = CalculatorUITests;
			sourceTree = "<group>";
		};
/* End PBXGroup section */

/* Begin PBXNativeTarget section */
		738091191CF11AFC00FA579F /* Calculator */ = {
			isa = PBXNativeTarget;
			buildConfigurationList = 738091421CF11AFC00FA579F /* Build configuration list for PBXNativeTarget "Calculator" */;
			buildPhases = (
				738091161CF11AFC00FA579F /* Sources */,
				738091171CF11AFC00FA579F /* Frameworks */,
				738091181CF11AFC00FA579F /* Resources */,
			);
			buildRules = (
			);
			dependencies = (
			);
			name = Calculator;
			productName = Calculator;
			productReference = 7380911A1CF11AFC00FA579F /* Calculator.app */;
			productType = "com.apple.product-type.application";
		};
		7380912D1CF11AFC00FA579F /* CalculatorTests */ = {
			isa = PBXNativeTarget;
			buildConfigurationList = 738091451CF11AFC00FA579F /* Build configuration list for PBXNativeTarget "CalculatorTests" */;
			buildPhases = (
				7380912A1CF11AFC00FA579F /* Sources */,
				7380912B1CF11AFC00FA579F /* Frameworks */,
				7380912C1CF11AFC00FA579F /* Resources */,
			);
			buildRules = (
			);
			dependencies = (
				738091301CF11AFC00FA579F /* PBXTargetDependency */,
			);
			name = CalculatorTests;
			productName = CalculatorTests;
			productReference = 7380912E1CF11AFC00FA579F /* CalculatorTests.xctest */;
			productType = "com.apple.product-type.bundle.unit-test";
		};
		738091381CF11AFC00FA579F /* CalculatorUITests */ = {
			isa = PBXNativeTarget;
			buildConfigurationList = 738091481CF11AFC00FA579F /* Build configuration list for PBXNativeTarget "CalculatorUITests" */;
			buildPhases = (
				738091351CF11AFC00FA579F /* Sources */,
				738091361CF11AFC00FA579F /* Frameworks */,
				738091371CF11AFC00FA579F /* Resources */,
			);
			buildRules = (
			);
			dependencies = (
				7380913B1CF11AFC00FA579F /* PBXTargetDependency */,
			);
			name = CalculatorUITests;
			productName = CalculatorUITests;
			productReference = 738091391CF11AFC00FA579F /* CalculatorUITests.xctest */;
			productType = "com.apple.product-type.bundle.ui-testing";
		};
/* End PBXNativeTarget section */

/* Begin PBXProject section */
		738091121CF11AFB00FA579F /* Project object */ = {
			isa = PBXProject;
			attributes = {
				LastSwiftUpdateCheck = 0730;
				LastUpgradeCheck = 0730;
				ORGANIZATIONNAME = "Arshin Jain";
				TargetAttributes = {
					738091191CF11AFC00FA579F = {
						CreatedOnToolsVersion = 7.3.1;
						DevelopmentTeam = 29YN3QBTM8;
					};
					7380912D1CF11AFC00FA579F = {
						CreatedOnToolsVersion = 7.3.1;
						TestTargetID = 738091191CF11AFC00FA579F;
					};
					738091381CF11AFC00FA579F = {
						CreatedOnToolsVersion = 7.3.1;
						TestTargetID = 738091191CF11AFC00FA579F;
					};
				};
			};
			buildConfigurationList = 738091151CF11AFC00FA579F /* Build configuration list for PBXProject "Calculator" */;
			compatibilityVersion = "Xcode 6.3";
			developmentRegion = English;
			hasScannedForEncodings = 0;
			knownRegions = (
				en,
				Base,
			);
			mainGroup = 738091111CF11AFB00FA579F;
			productRefGroup = 7380911B1CF11AFC00FA579F /* Products */;
			projectDirPath = "";
			projectRoot = "";
			targets = (
				738091191CF11AFC00FA579F /* Calculator */,
				7380912D1CF11AFC00FA579F /* CalculatorTests */,
				738091381CF11AFC00FA579F /* CalculatorUITests */,
			);
		};
/* End PBXProject section */

/* Begin PBXResourcesBuildPhase section */
		738091181CF11AFC00FA579F /* Resources */ = {
			isa = PBXResourcesBuildPhase;
			buildActionMask = 2147483647;
			files = (
				738091281CF11AFC00FA579F /* LaunchScreen.storyboard in Resources */,
				738091251CF11AFC00FA579F /* Assets.xcassets in Resources */,
				738091231CF11AFC00FA579F /* Main.storyboard in Resources */,
			);
			runOnlyForDeploymentPostprocessing = 0;
		};
		7380912C1CF11AFC00FA579F /* Resources */ = {
			isa = PBXResourcesBuildPhase;
			buildActionMask = 2147483647;
			files = (
			);
			runOnlyForDeploymentPostprocessing = 0;
		};
		738091371CF11AFC00FA579F /* Resources */ = {
			isa = PBXResourcesBuildPhase;
			buildActionMask = 2147483647;
			files = (
			);
			runOnlyForDeploymentPostprocessing = 0;
		};
/* End PBXResourcesBuildPhase section */

/* Begin PBXSourcesBuildPhase section */
		738091161CF11AFC00FA579F /* Sources */ = {
			isa = PBXSourcesBuildPhase;
			buildActionMask = 2147483647;
			files = (
				738091201CF11AFC00FA579F /* ViewController.swift in Sources */,
				7380911E1CF11AFC00FA579F /* AppDelegate.swift in Sources */,
			);
			runOnlyForDeploymentPostprocessing = 0;
		};
		7380912A1CF11AFC00FA579F /* Sources */ = {
			isa = PBXSourcesBuildPhase;
			buildActionMask = 2147483647;
			files = (
				738091331CF11AFC00FA579F /* CalculatorTests.swift in Sources */,
			);
			runOnlyForDeploymentPostprocessing = 0;
		};
		738091351CF11AFC00FA579F /* Sources */ = {
			isa = PBXSourcesBuildPhase;
			buildActionMask = 2147483647;
			files = (
				7380913E1CF11AFC00FA579F /* CalculatorUITests.swift in Sources */,
			);
			runOnlyForDeploymentPostprocessing = 0;
		};
/* End PBXSourcesBuildPhase section */

/* Begin PBXTargetDependency section */
		738091301CF11AFC00FA579F /* PBXTargetDependency */ = {
			isa = PBXTargetDependency;
			target = 738091191CF11AFC00FA579F /* Calculator */;
			targetProxy = 7380912F1CF11AFC00FA579F /* PBXContainerItemProxy */;
		};
		7380913B1CF11AFC00FA579F /* PBXTargetDependency */ = {
			isa = PBXTargetDependency;
			target = 738091191CF11AFC00FA579F /* Calculator */;
			targetProxy = 7380913A1CF11AFC00FA579F /* PBXContainerItemProxy */;
		};
/* End PBXTargetDependency section */

/* Begin PBXVariantGroup section */
		738091211CF11AFC00FA579F /* Main.storyboard */ = {
			isa = PBXVariantGroup;
			children = (
				738091221CF11AFC00FA579F /* Base */,
			);
			name = Main.storyboard;
			sourceTree = "<group>";
		};
		738091261CF11AFC00FA579F /* LaunchScreen.storyboard */ = {
			isa = PBXVariantGroup;
			children = (
				738091271CF11AFC00FA579F /* Base */,
			);
			name = LaunchScreen.storyboard;
			sourceTree = "<group>";
		};
/* End PBXVariantGroup section */

/* Begin XCBuildConfiguration section */
		738091401CF11AFC00FA579F /* Debug */ = {
			isa = XCBuildConfiguration;
			buildSettings = {
				ALWAYS_SEARCH_USER_PATHS = NO;
				CLANG_ANALYZER_NONNULL = YES;
				CLANG_CXX_LANGUAGE_STANDARD = "gnu++0x";
				CLANG_CXX_LIBRARY = "libc++";
				CLANG_ENABLE_MODULES = YES;
				CLANG_ENABLE_OBJC_ARC = YES;
				CLANG_WARN_BOOL_CONVERSION = YES;
				CLANG_WARN_CONSTANT_CONVERSION = YES;
				CLANG_WARN_DIRECT_OBJC_ISA_USAGE = YES_ERROR;
				CLANG_WARN_EMPTY_BODY = YES;
				CLANG_WARN_ENUM_CONVERSION = YES;
				CLANG_WARN_INT_CONVERSION = YES;
				CLANG_WARN_OBJC_ROOT_CLASS = YES_ERROR;
				CLANG_WARN_UNREACHABLE_CODE = YES;
				CLANG_WARN__DUPLICATE_METHOD_MATCH = YES;
				"CODE_SIGN_IDENTITY[sdk=iphoneos*]" = "iPhone Developer";
				COPY_PHASE_STRIP = NO;
				DEBUG_INFORMATION_FORMAT = dwarf;
				ENABLE_STRICT_OBJC_MSGSEND = YES;
				ENABLE_TESTABILITY = YES;
				GCC_C_LANGUAGE_STANDARD = gnu99;
				GCC_DYNAMIC_NO_PIC = NO;
				GCC_NO_COMMON_BLOCKS = YES;
				GCC_OPTIMIZATION_LEVEL = 0;
				GCC_PREPROCESSOR_DEFINITIONS = (
					"DEBUG=1",
					"$(inherited)",
				);
				GCC_WARN_64_TO_32_BIT_CONVERSION = YES;
				GCC_WARN_ABOUT_RETURN_TYPE = YES_ERROR;
				GCC_WARN_UNDECLARED_SELECTOR = YES;
				GCC_WARN_UNINITIALIZED_AUTOS = YES_AGGRESSIVE;
				GCC_WARN_UNUSED_FUNCTION = YES;
				GCC_WARN_UNUSED_VARIABLE = YES;
				IPHONEOS_DEPLOYMENT_TARGET = 9.3;
				MTL_ENABLE_DEBUG_INFO = YES;
				ONLY_ACTIVE_ARCH = YES;
				SDKROOT = iphoneos;
				SWIFT_OPTIMIZATION_LEVEL = "-Onone";
				TARGETED_DEVICE_FAMILY = "1,2";
			};
			name = Debug;
		};
		738091411CF11AFC00FA579F /* Release */ = {
			isa = XCBuildConfiguration;
			buildSettings = {
				ALWAYS_SEARCH_USER_PATHS = NO;
				CLANG_ANALYZER_NONNULL = YES;
				CLANG_CXX_LANGUAGE_STANDARD = "gnu++0x";
				CLANG_CXX_LIBRARY = "libc++";
				CLANG_ENABLE_MODULES = YES;
				CLANG_ENABLE_OBJC_ARC = YES;
				CLANG_WARN_BOOL_CONVERSION = YES;
				CLANG_WARN_CONSTANT_CONVERSION = YES;
				CLANG_WARN_DIRECT_OBJC_ISA_USAGE = YES_ERROR;
				CLANG_WARN_EMPTY_BODY = YES;
				CLANG_WARN_ENUM_CONVERSION = YES;
				CLANG_WARN_INT_CONVERSION = YES;
				CLANG_WARN_OBJC_ROOT_CLASS = YES_ERROR;
				CLANG_WARN_UNREACHABLE_CODE = YES;
				CLANG_WARN__DUPLICATE_METHOD_MATCH = YES;
				"CODE_SIGN_IDENTITY[sdk=iphoneos*]" = "iPhone Developer";
				COPY_PHASE_STRIP = NO;
				DEBUG_INFORMATION_FORMAT = "dwarf-with-dsym";
				ENABLE_NS_ASSERTIONS = NO;
				ENABLE_STRICT_OBJC_MSGSEND = YES;
				GCC_C_LANGUAGE_STANDARD = gnu99;
				GCC_NO_COMMON_BLOCKS = YES;
				GCC_WARN_64_TO_32_BIT_CONVERSION = YES;
				GCC_WARN_ABOUT_RETURN_TYPE = YES_ERROR;
				GCC_WARN_UNDECLARED_SELECTOR = YES;
				GCC_WARN_UNINITIALIZED_AUTOS = YES_AGGRESSIVE;
				GCC_WARN_UNUSED_FUNCTION = YES;
				GCC_WARN_UNUSED_VARIABLE = YES;
				IPHONEOS_DEPLOYMENT_TARGET = 9.3;
				MTL_ENABLE_DEBUG_INFO = NO;
				SDKROOT = iphoneos;
				TARGETED_DEVICE_FAMILY = "1,2";
				VALIDATE_PRODUCT = YES;
			};
			name = Release;
		};
		738091431CF11AFC00FA579F /* Debug */ = {
			isa = XCBuildConfiguration;
			buildSettings = {
				ASSETCATALOG_COMPILER_APPICON_NAME = AppIcon;
				CODE_SIGN_IDENTITY = "iPhone Developer";
				INFOPLIST_FILE = Calculator/Info.plist;
				LD_RUNPATH_SEARCH_PATHS = "$(inherited) @executable_path/Frameworks";
				PRODUCT_BUNDLE_IDENTIFIER = com.Arshin.Calculator;
				PRODUCT_NAME = "$(TARGET_NAME)";
			};
			name = Debug;
		};
		738091441CF11AFC00FA579F /* Release */ = {
			isa = XCBuildConfiguration;
			buildSettings = {
				ASSETCATALOG_COMPILER_APPICON_NAME = AppIcon;
				CODE_SIGN_IDENTITY = "iPhone Developer";
				INFOPLIST_FILE = Calculator/Info.plist;
				LD_RUNPATH_SEARCH_PATHS = "$(inherited) @executable_path/Frameworks";
				PRODUCT_BUNDLE_IDENTIFIER = com.Arshin.Calculator;
				PRODUCT_NAME = "$(TARGET_NAME)";
			};
			name = Release;
		};
		738091461CF11AFC00FA579F /* Debug */ = {
			isa = XCBuildConfiguration;
			buildSettings = {
				BUNDLE_LOADER = "$(TEST_HOST)";
				INFOPLIST_FILE = CalculatorTests/Info.plist;
				LD_RUNPATH_SEARCH_PATHS = "$(inherited) @executable_path/Frameworks @loader_path/Frameworks";
				PRODUCT_BUNDLE_IDENTIFIER = com.Arshin.CalculatorTests;
				PRODUCT_NAME = "$(TARGET_NAME)";
				TEST_HOST = "$(BUILT_PRODUCTS_DIR)/Calculator.app/Calculator";
			};
			name = Debug;
		};
		738091471CF11AFC00FA579F /* Release */ = {
			isa = XCBuildConfiguration;
			buildSettings = {
				BUNDLE_LOADER = "$(TEST_HOST)";
				INFOPLIST_FILE = CalculatorTests/Info.plist;
				LD_RUNPATH_SEARCH_PATHS = "$(inherited) @executable_path/Frameworks @loader_path/Frameworks";
				PRODUCT_BUNDLE_IDENTIFIER = com.Arshin.CalculatorTests;
				PRODUCT_NAME = "$(TARGET_NAME)";
				TEST_HOST = "$(BUILT_PRODUCTS_DIR)/Calculator.app/Calculator";
			};
			name = Release;
		};
		738091491CF11AFC00FA579F /* Debug */ = {
			isa = XCBuildConfiguration;
			buildSettings = {
				INFOPLIST_FILE = CalculatorUITests/Info.plist;
				LD_RUNPATH_SEARCH_PATHS = "$(inherited) @executable_path/Frameworks @loader_path/Frameworks";
				PRODUCT_BUNDLE_IDENTIFIER = com.Arshin.CalculatorUITests;
				PRODUCT_NAME = "$(TARGET_NAME)";
				TEST_TARGET_NAME = Calculator;
			};
			name = Debug;
		};
		7380914A1CF11AFC00FA579F /* Release */ = {
			isa = XCBuildConfiguration;
			buildSettings = {
				INFOPLIST_FILE = CalculatorUITests/Info.plist;
				LD_RUNPATH_SEARCH_PATHS = "$(inherited) @executable_path/Frameworks @loader_path/Frameworks";
				PRODUCT_BUNDLE_IDENTIFIER = com.Arshin.CalculatorUITests;
				PRODUCT_NAME = "$(TARGET_NAME)";
				TEST_TARGET_NAME = Calculator;
			};
			name = Release;
		};
/* End XCBuildConfiguration section */

/* Begin XCConfigurationList section */
		738091151CF11AFC00FA579F /* Build configuration list for PBXProject "Calculator" */ = {
			isa = XCConfigurationList;
			buildConfigurations = (
				738091401CF11AFC00FA579F /* Debug */,
				738091411CF11AFC00FA579F /* Release */,
			);
			defaultConfigurationIsVisible = 0;
			defaultConfigurationName = Release;
		};
		738091421CF11AFC00FA579F /* Build configuration list for PBXNativeTarget "Calculator" */ = {
			isa = XCConfigurationList;
			buildConfigurations = (
				738091431CF11AFC00FA579F /* Debug */,
				738091441CF11AFC00FA579F /* Release */,
			);
			defaultConfigurationIsVisible = 0;
		};
		738091451CF11AFC00FA579F /* Build configuration list for PBXNativeTarget "CalculatorTests" */ = {
			isa = XCConfigurationList;
			buildConfigurations = (
				738091461CF11AFC00FA579F /* Debug */,
				738091471CF11AFC00FA579F /* Release */,
			);
			defaultConfigurationIsVisible = 0;
		};
		738091481CF11AFC00FA579F /* Build configuration list for PBXNativeTarget "CalculatorUITests" */ = {
			isa = XCConfigurationList;
			buildConfigurations = (
				738091491CF11AFC00FA579F /* Debug */,
				7380914A1CF11AFC00FA579F /* Release */,
			);
			defaultConfigurationIsVisible = 0;
		};
/* End XCConfigurationList section */
	};
	rootObject = 738091121CF11AFB00FA579F /* Project object */;
}
